{
  "nodes": {
    "flake-utils": {
      "locked": {
        "lastModified": 1634851050,
        "narHash": "sha256-N83GlSGPJJdcqhUxSCS/WwW5pksYf3VP1M13cDRTSVA=",
        "owner": "numtide",
        "repo": "flake-utils",
        "rev": "c91f3de5adaf1de973b797ef7485e441a65b8935",
        "type": "github"
      },
      "original": {
        "owner": "numtide",
        "repo": "flake-utils",
        "type": "github"
      }
    },
    "mixOverlay": {
      "flake": false,
      "locked": {
        "lastModified": 1618817164,
        "narHash": "sha256-dDAFMWC7j+8xa9GCsBZ9YBYlRUPNrEn8cIVlFULmnvc=",
        "owner": "hauleth",
        "repo": "nix-elixir",
        "rev": "2686deb2b20d20367c2e98b007d1579ef83929f6",
        "type": "github"
      },
      "original": {
        "owner": "hauleth",
        "repo": "nix-elixir",
        "type": "github"
      }
    },
    "nixpkgs": {
      "locked": {
        "lastModified": 1635781173,
        "narHash": "sha256-nTA2y2jIJiVj5RawHUNhlZUIy5J/Q2CA6YP4T1qBkLo=",
        "owner": "nixos",
        "repo": "nixpkgs",
        "rev": "7053541084bf5ce2921ef307e5585d39d7ba8b3f",
        "type": "github"
      },
      "original": {
        "owner": "nixos",
        "ref": "nixpkgs-unstable",
        "repo": "nixpkgs",
        "type": "github"
      }
    },
    "root": {
      "inputs": {
        "flake-utils": "flake-utils",
        "mixOverlay": "mixOverlay",
        "nixpkgs": "nixpkgs"
      }
    }
  },
  "root": "root",
  "version": 7
}
